{
  "name": "calculator-vue-test",
  "version": "1.0.0",
  "lockfileVersion": 1,
  "requires": true,
  "dependencies": {
    "es6-import": {
      "version": "1.2.1",
      "resolved": "https://registry.npmjs.org/es6-import/-/es6-import-1.2.1.tgz",
      "integrity": "sha512-jVkg/WQrHG17urZBPRXhnwA4bYH1I+KLCj88xVrPz/4rLWysgJ/FOHWeUjLo2cgdd/o7LimPiXzCUyvSHQM+qg=="
    }
  }
}
