{
  "name": "calculator-vue-test",
  "version": "1.0.0",
  "lockfileVersion": 1,
  "requires": true,
  "dependencies": {
    "es6-import": {
      "version": "1.3.0",
      "resolved": "https://registry.npmjs.org/es6-import/-/es6-import-1.3.0.tgz",
      "integrity": "sha512-dxnalu7EI0lz4AwiR3SBDMW8tir+Kw9iolFUt77TdhOCT/T9q1B4Jd1A0ny1HD9aDYE/wPZK9/douRsK8Sl9fA=="
    }
  }
}
